
Microsoft Visual Studio Solution File, Format Version 12.00
# Visual Studio Version 18
VisualStudioVersion = 18.0.11018.127
MinimumVisualStudioVersion = 10.0.40219.1
Project("{FAE04EC0-301F-11D3-BF4B-00C04F79EFBC}") = "WebSpark.Bootswatch", "WebSpark.Bootswatch\WebSpark.Bootswatch.csproj", "{4D37D0B3-0BD4-FC00-6E5A-1ED4664D3DF3}"
EndProject
Project("{FAE04EC0-301F-11D3-BF4B-00C04F79EFBC}") = "WebSpark.Bootswatch.Demo", "WebSpark.Bootswatch.Demo\WebSpark.Bootswatch.Demo.csproj", "{53D41A24-8713-C690-5166-73AD956318C7}"
EndProject
Project("{2150E333-8FDC-42A3-9474-1A3956D46DE8}") = "Solution Items", "Solution Items", "{1D0DA63D-A03F-4BC7-8B72-A03C827FEBEE}"
	ProjectSection(SolutionItems) = preProject
		.github\copilot-instructions.md = .github\copilot-instructions.md
		.github\workflows\dotnet.yml = .github\workflows\dotnet.yml
	EndProjectSection
EndProject
Project("{FAE04EC0-301F-11D3-BF4B-00C04F79EFBC}") = "WebSpark.Bootswatch.Tests", "WebSpark.Bootswatch.Tests\WebSpark.Bootswatch.Tests.csproj", "{974E4AAA-D3AD-4A0E-B1F0-95CE6C4DBFE8}"
EndProject
Global
	GlobalSection(SolutionConfigurationPlatforms) = preSolution
		Debug|Any CPU = Debug|Any CPU
		Debug|x64 = Debug|x64
		Debug|x86 = Debug|x86
		Release|Any CPU = Release|Any CPU
		Release|x64 = Release|x64
		Release|x86 = Release|x86
	EndGlobalSection
	GlobalSection(ProjectConfigurationPlatforms) = postSolution
		{4D37D0B3-0BD4-FC00-6E5A-1ED4664D3DF3}.Debug|Any CPU.ActiveCfg = Debug|Any CPU
		{4D37D0B3-0BD4-FC00-6E5A-1ED4664D3DF3}.Debug|Any CPU.Build.0 = Debug|Any CPU
		{4D37D0B3-0BD4-FC00-6E5A-1ED4664D3DF3}.Debug|x64.ActiveCfg = Debug|Any CPU
		{4D37D0B3-0BD4-FC00-6E5A-1ED4664D3DF3}.Debug|x64.Build.0 = Debug|Any CPU
		{4D37D0B3-0BD4-FC00-6E5A-1ED4664D3DF3}.Debug|x86.ActiveCfg = Debug|Any CPU
		{4D37D0B3-0BD4-FC00-6E5A-1ED4664D3DF3}.Debug|x86.Build.0 = Debug|Any CPU
		{4D37D0B3-0BD4-FC00-6E5A-1ED4664D3DF3}.Release|Any CPU.ActiveCfg = Release|Any CPU
		{4D37D0B3-0BD4-FC00-6E5A-1ED4664D3DF3}.Release|Any CPU.Build.0 = Release|Any CPU
		{4D37D0B3-0BD4-FC00-6E5A-1ED4664D3DF3}.Release|x64.ActiveCfg = Release|Any CPU
		{4D37D0B3-0BD4-FC00-6E5A-1ED4664D3DF3}.Release|x64.Build.0 = Release|Any CPU
		{4D37D0B3-0BD4-FC00-6E5A-1ED4664D3DF3}.Release|x86.ActiveCfg = Release|Any CPU
		{4D37D0B3-0BD4-FC00-6E5A-1ED4664D3DF3}.Release|x86.Build.0 = Release|Any CPU
		{53D41A24-8713-C690-5166-73AD956318C7}.Debug|Any CPU.ActiveCfg = Debug|Any CPU
		{53D41A24-8713-C690-5166-73AD956318C7}.Debug|Any CPU.Build.0 = Debug|Any CPU
		{53D41A24-8713-C690-5166-73AD956318C7}.Debug|x64.ActiveCfg = Debug|Any CPU
		{53D41A24-8713-C690-5166-73AD956318C7}.Debug|x64.Build.0 = Debug|Any CPU
		{53D41A24-8713-C690-5166-73AD956318C7}.Debug|x86.ActiveCfg = Debug|Any CPU
		{53D41A24-8713-C690-5166-73AD956318C7}.Debug|x86.Build.0 = Debug|Any CPU
		{53D41A24-8713-C690-5166-73AD956318C7}.Release|Any CPU.ActiveCfg = Release|Any CPU
		{53D41A24-8713-C690-5166-73AD956318C7}.Release|Any CPU.Build.0 = Release|Any CPU
		{53D41A24-8713-C690-5166-73AD956318C7}.Release|x64.ActiveCfg = Release|Any CPU
		{53D41A24-8713-C690-5166-73AD956318C7}.Release|x64.Build.0 = Release|Any CPU
		{53D41A24-8713-C690-5166-73AD956318C7}.Release|x86.ActiveCfg = Release|Any CPU
		{53D41A24-8713-C690-5166-73AD956318C7}.Release|x86.Build.0 = Release|Any CPU
		{974E4AAA-D3AD-4A0E-B1F0-95CE6C4DBFE8}.Debug|Any CPU.ActiveCfg = Debug|Any CPU
		{974E4AAA-D3AD-4A0E-B1F0-95CE6C4DBFE8}.Debug|Any CPU.Build.0 = Debug|Any CPU
		{974E4AAA-D3AD-4A0E-B1F0-95CE6C4DBFE8}.Debug|x64.ActiveCfg = Debug|Any CPU
		{974E4AAA-D3AD-4A0E-B1F0-95CE6C4DBFE8}.Debug|x64.Build.0 = Debug|Any CPU
		{974E4AAA-D3AD-4A0E-B1F0-95CE6C4DBFE8}.Debug|x86.ActiveCfg = Debug|Any CPU
		{974E4AAA-D3AD-4A0E-B1F0-95CE6C4DBFE8}.Debug|x86.Build.0 = Debug|Any CPU
		{974E4AAA-D3AD-4A0E-B1F0-95CE6C4DBFE8}.Release|Any CPU.ActiveCfg = Release|Any CPU
		{974E4AAA-D3AD-4A0E-B1F0-95CE6C4DBFE8}.Release|Any CPU.Build.0 = Release|Any CPU
		{974E4AAA-D3AD-4A0E-B1F0-95CE6C4DBFE8}.Release|x64.ActiveCfg = Release|Any CPU
		{974E4AAA-D3AD-4A0E-B1F0-95CE6C4DBFE8}.Release|x64.Build.0 = Release|Any CPU
		{974E4AAA-D3AD-4A0E-B1F0-95CE6C4DBFE8}.Release|x86.ActiveCfg = Release|Any CPU
		{974E4AAA-D3AD-4A0E-B1F0-95CE6C4DBFE8}.Release|x86.Build.0 = Release|Any CPU
	EndGlobalSection
	GlobalSection(SolutionProperties) = preSolution
		HideSolutionNode = FALSE
	EndGlobalSection
	GlobalSection(ExtensibilityGlobals) = postSolution
		SolutionGuid = {DEDC7111-6422-4881-841C-DD5B61D69EEB}
	EndGlobalSection
EndGlobal
