
Microsoft Visual Studio Solution File, Format Version 12.00
# Visual Studio Version 18
VisualStudioVersion = 18.0.11018.127 d18.0
MinimumVisualStudioVersion = 10.0.40219.1
Project("{FAE04EC0-301F-11D3-BF4B-00C04F79EFBC}") = "WebSpark.Bootswatch", "WebSpark.Bootswatch\WebSpark.Bootswatch.csproj", "{4D37D0B3-0BD4-FC00-6E5A-1ED4664D3DF3}"
EndProject
Project("{FAE04EC0-301F-11D3-BF4B-00C04F79EFBC}") = "WebSpark.Bootswatch.Demo", "WebSpark.Bootswatch.Demo\WebSpark.Bootswatch.Demo.csproj", "{53D41A24-8713-C690-5166-73AD956318C7}"
EndProject
Project("{2150E333-8FDC-42A3-9474-1A3956D46DE8}") = "Solution Items", "Solution Items", "{1D0DA63D-A03F-4BC7-8B72-A03C827FEBEE}"
	ProjectSection(SolutionItems) = preProject
		.github\copilot-instructions.md = .github\copilot-instructions.md
	EndProjectSection
EndProject
Global
	GlobalSection(SolutionConfigurationPlatforms) = preSolution
		Debug|Any CPU = Debug|Any CPU
		Release|Any CPU = Release|Any CPU
	EndGlobalSection
	GlobalSection(ProjectConfigurationPlatforms) = postSolution
		{4D37D0B3-0BD4-FC00-6E5A-1ED4664D3DF3}.Debug|Any CPU.ActiveCfg = Debug|Any CPU
		{4D37D0B3-0BD4-FC00-6E5A-1ED4664D3DF3}.Debug|Any CPU.Build.0 = Debug|Any CPU
		{4D37D0B3-0BD4-FC00-6E5A-1ED4664D3DF3}.Release|Any CPU.ActiveCfg = Release|Any CPU
		{4D37D0B3-0BD4-FC00-6E5A-1ED4664D3DF3}.Release|Any CPU.Build.0 = Release|Any CPU
		{53D41A24-8713-C690-5166-73AD956318C7}.Debug|Any CPU.ActiveCfg = Debug|Any CPU
		{53D41A24-8713-C690-5166-73AD956318C7}.Debug|Any CPU.Build.0 = Debug|Any CPU
		{53D41A24-8713-C690-5166-73AD956318C7}.Release|Any CPU.ActiveCfg = Release|Any CPU
		{53D41A24-8713-C690-5166-73AD956318C7}.Release|Any CPU.Build.0 = Release|Any CPU
	EndGlobalSection
	GlobalSection(SolutionProperties) = preSolution
		HideSolutionNode = FALSE
	EndGlobalSection
	GlobalSection(ExtensibilityGlobals) = postSolution
		SolutionGuid = {DEDC7111-6422-4881-841C-DD5B61D69EEB}
	EndGlobalSection
EndGlobal
